
Microsoft Visual Studio Solution File, Format Version 11.00
# Visual Studio 2010
Project("{FAE04EC0-301F-11D3-BF4B-00C04F79EFBC}") = "Assembly-CSharp", "Assembly-CSharp.csproj", "{cb79767b-f693-5a4f-3d47-7753cf4ec69b}"
EndProject
Project("{FAE04EC0-301F-11D3-BF4B-00C04F79EFBC}") = "Assembly-CSharp-Editor", "Assembly-CSharp-Editor.csproj", "{a9af5ded-8538-69d2-d3c6-a6f72a47f9b4}"
EndProject
Global
	GlobalSection(SolutionConfigurationPlatforms) = preSolution
		Debug|Any CPU = Debug|Any CPU
	EndGlobalSection
	GlobalSection(ProjectConfigurationPlatforms) = postSolution
		{cb79767b-f693-5a4f-3d47-7753cf4ec69b}.Debug|Any CPU.ActiveCfg = Debug|Any CPU
		{cb79767b-f693-5a4f-3d47-7753cf4ec69b}.Debug|Any CPU.Build.0 = Debug|Any CPU
		{a9af5ded-8538-69d2-d3c6-a6f72a47f9b4}.Debug|Any CPU.ActiveCfg = Debug|Any CPU
		{a9af5ded-8538-69d2-d3c6-a6f72a47f9b4}.Debug|Any CPU.Build.0 = Debug|Any CPU
	EndGlobalSection
	GlobalSection(SolutionProperties) = preSolution
		HideSolutionNode = FALSE
	EndGlobalSection
EndGlobal
